
Microsoft Visual Studio Solution File, Format Version 12.00
# Visual Studio 15
VisualStudioVersion = 15.0.27428.2043
MinimumVisualStudioVersion = 10.0.40219.1
Project("{FAE04EC0-301F-11D3-BF4B-00C04F79EFBC}") = "PPE2GSB", "PPE2GSB\PPE2GSB.csproj", "{249846C6-9899-4CF5-A0D0-3B11E92CE216}"
EndProject
Project("{FAE04EC0-301F-11D3-BF4B-00C04F79EFBC}") = "PPE2GSBForm", "WindowsFormsApp1\PPE2GSBForm.csproj", "{11D4170B-53A3-4E8E-A06D-5C8636CD4EF3}"
EndProject
Global
	GlobalSection(SolutionConfigurationPlatforms) = preSolution
		Debug|Any CPU = Debug|Any CPU
		Release|Any CPU = Release|Any CPU
	EndGlobalSection
	GlobalSection(ProjectConfigurationPlatforms) = postSolution
		{249846C6-9899-4CF5-A0D0-3B11E92CE216}.Debug|Any CPU.ActiveCfg = Debug|Any CPU
		{249846C6-9899-4CF5-A0D0-3B11E92CE216}.Debug|Any CPU.Build.0 = Debug|Any CPU
		{249846C6-9899-4CF5-A0D0-3B11E92CE216}.Release|Any CPU.ActiveCfg = Release|Any CPU
		{249846C6-9899-4CF5-A0D0-3B11E92CE216}.Release|Any CPU.Build.0 = Release|Any CPU
		{11D4170B-53A3-4E8E-A06D-5C8636CD4EF3}.Debug|Any CPU.ActiveCfg = Debug|Any CPU
		{11D4170B-53A3-4E8E-A06D-5C8636CD4EF3}.Debug|Any CPU.Build.0 = Debug|Any CPU
		{11D4170B-53A3-4E8E-A06D-5C8636CD4EF3}.Release|Any CPU.ActiveCfg = Release|Any CPU
		{11D4170B-53A3-4E8E-A06D-5C8636CD4EF3}.Release|Any CPU.Build.0 = Release|Any CPU
	EndGlobalSection
	GlobalSection(SolutionProperties) = preSolution
		HideSolutionNode = FALSE
	EndGlobalSection
	GlobalSection(ExtensibilityGlobals) = postSolution
		SolutionGuid = {7494081E-AFEF-4579-B030-2AA442D0AF0D}
	EndGlobalSection
EndGlobal
